
Microsoft Visual Studio Solution File, Format Version 12.00
# Visual Studio Version 16
VisualStudioVersion = 16.0.30114.105
MinimumVisualStudioVersion = 10.0.40219.1
Project("{2150E333-8FDC-42A3-9474-1A3956D46DE8}") = "Services", "Services", "{5D81088C-B435-4A64-A266-9E98A0B2B71B}"
EndProject
Project("{2150E333-8FDC-42A3-9474-1A3956D46DE8}") = "Catalog", "Catalog", "{E5FBEFA9-BB50-4A0B-AF6F-A6D446A610F1}"
EndProject
Project("{9A19103F-16F7-4668-BE54-9A1E7A4F7556}") = "Catalog.API", "src\Services\Catalog\Catalog.API\Catalog.API.csproj", "{81149107-662B-485A-B696-D837BF556DC5}"
EndProject
Project("{E53339B2-1760-4266-BCC7-CA923CBCF16C}") = "docker-compose", "docker-compose.dcproj", "{B595111A-F755-48DD-B231-3991DE493DC8}"
EndProject
Global
	GlobalSection(SolutionConfigurationPlatforms) = preSolution
		Debug|Any CPU = Debug|Any CPU
		Debug|x64 = Debug|x64
		Debug|x86 = Debug|x86
		Release|Any CPU = Release|Any CPU
		Release|x64 = Release|x64
		Release|x86 = Release|x86
	EndGlobalSection
	GlobalSection(ProjectConfigurationPlatforms) = postSolution
		{81149107-662B-485A-B696-D837BF556DC5}.Debug|Any CPU.ActiveCfg = Debug|Any CPU
		{81149107-662B-485A-B696-D837BF556DC5}.Debug|Any CPU.Build.0 = Debug|Any CPU
		{81149107-662B-485A-B696-D837BF556DC5}.Debug|x64.ActiveCfg = Debug|Any CPU
		{81149107-662B-485A-B696-D837BF556DC5}.Debug|x64.Build.0 = Debug|Any CPU
		{81149107-662B-485A-B696-D837BF556DC5}.Debug|x86.ActiveCfg = Debug|Any CPU
		{81149107-662B-485A-B696-D837BF556DC5}.Debug|x86.Build.0 = Debug|Any CPU
		{81149107-662B-485A-B696-D837BF556DC5}.Release|Any CPU.ActiveCfg = Release|Any CPU
		{81149107-662B-485A-B696-D837BF556DC5}.Release|Any CPU.Build.0 = Release|Any CPU
		{81149107-662B-485A-B696-D837BF556DC5}.Release|x64.ActiveCfg = Release|Any CPU
		{81149107-662B-485A-B696-D837BF556DC5}.Release|x64.Build.0 = Release|Any CPU
		{81149107-662B-485A-B696-D837BF556DC5}.Release|x86.ActiveCfg = Release|Any CPU
		{81149107-662B-485A-B696-D837BF556DC5}.Release|x86.Build.0 = Release|Any CPU
		{B595111A-F755-48DD-B231-3991DE493DC8}.Debug|Any CPU.ActiveCfg = Debug|Any CPU
		{B595111A-F755-48DD-B231-3991DE493DC8}.Debug|Any CPU.Build.0 = Debug|Any CPU
		{B595111A-F755-48DD-B231-3991DE493DC8}.Debug|x64.ActiveCfg = Debug|Any CPU
		{B595111A-F755-48DD-B231-3991DE493DC8}.Debug|x64.Build.0 = Debug|Any CPU
		{B595111A-F755-48DD-B231-3991DE493DC8}.Debug|x86.ActiveCfg = Debug|Any CPU
		{B595111A-F755-48DD-B231-3991DE493DC8}.Debug|x86.Build.0 = Debug|Any CPU
		{B595111A-F755-48DD-B231-3991DE493DC8}.Release|Any CPU.ActiveCfg = Release|Any CPU
		{B595111A-F755-48DD-B231-3991DE493DC8}.Release|Any CPU.Build.0 = Release|Any CPU
		{B595111A-F755-48DD-B231-3991DE493DC8}.Release|x64.ActiveCfg = Release|Any CPU
		{B595111A-F755-48DD-B231-3991DE493DC8}.Release|x64.Build.0 = Release|Any CPU
		{B595111A-F755-48DD-B231-3991DE493DC8}.Release|x86.ActiveCfg = Release|Any CPU
		{B595111A-F755-48DD-B231-3991DE493DC8}.Release|x86.Build.0 = Release|Any CPU
	EndGlobalSection
	GlobalSection(SolutionProperties) = preSolution
		HideSolutionNode = FALSE
	EndGlobalSection
	GlobalSection(NestedProjects) = preSolution
		{E5FBEFA9-BB50-4A0B-AF6F-A6D446A610F1} = {5D81088C-B435-4A64-A266-9E98A0B2B71B}
		{81149107-662B-485A-B696-D837BF556DC5} = {E5FBEFA9-BB50-4A0B-AF6F-A6D446A610F1}
	EndGlobalSection
	GlobalSection(ExtensibilityGlobals) = postSolution
		SolutionGuid = {8A64EB51-A2AA-43AE-BDC0-17F43F866AC9}
	EndGlobalSection
EndGlobal
